
Microsoft Visual Studio Solution File, Format Version 12.00
# Visual Studio Version 16
VisualStudioVersion = 16.0.31702.278
MinimumVisualStudioVersion = 10.0.40219.1
Project("{FAE04EC0-301F-11D3-BF4B-00C04F79EFBC}") = "WpfApp5", "WpfApp5.csproj", "{2B7DEF55-BC85-4EB4-A96B-102E4AF33BB1}"
EndProject
Global
	GlobalSection(SolutionConfigurationPlatforms) = preSolution
		Debug|Any CPU = Debug|Any CPU
		Release|Any CPU = Release|Any CPU
	EndGlobalSection
	GlobalSection(ProjectConfigurationPlatforms) = postSolution
		{2B7DEF55-BC85-4EB4-A96B-102E4AF33BB1}.Debug|Any CPU.ActiveCfg = Debug|Any CPU
		{2B7DEF55-BC85-4EB4-A96B-102E4AF33BB1}.Debug|Any CPU.Build.0 = Debug|Any CPU
		{2B7DEF55-BC85-4EB4-A96B-102E4AF33BB1}.Release|Any CPU.ActiveCfg = Release|Any CPU
		{2B7DEF55-BC85-4EB4-A96B-102E4AF33BB1}.Release|Any CPU.Build.0 = Release|Any CPU
	EndGlobalSection
	GlobalSection(SolutionProperties) = preSolution
		HideSolutionNode = FALSE
	EndGlobalSection
	GlobalSection(ExtensibilityGlobals) = postSolution
		SolutionGuid = {6B76025C-2E74-4702-8053-DD3ECF39FDD2}
	EndGlobalSection
EndGlobal
